// !$*UTF8*$!
{
	archiveVersion = 1;
	classes = {
	};
	objectVersion = 55;
	objects = {

/* Begin PBXBuildFile section */
		8958D6B1293659FA002BC16A /* AppDelegate.swift in Sources */ = {isa = PBXBuildFile; fileRef = 8958D6B0293659FA002BC16A /* AppDelegate.swift */; };
		8958D6B3293659FA002BC16A /* SceneDelegate.swift in Sources */ = {isa = PBXBuildFile; fileRef = 8958D6B2293659FA002BC16A /* SceneDelegate.swift */; };
		8958D6B8293659FA002BC16A /* Main.storyboard in Resources */ = {isa = PBXBuildFile; fileRef = 8958D6B6293659FA002BC16A /* Main.storyboard */; };
		8958D6BA293659FE002BC16A /* Assets.xcassets in Resources */ = {isa = PBXBuildFile; fileRef = 8958D6B9293659FE002BC16A /* Assets.xcassets */; };
		8958D6BD293659FE002BC16A /* LaunchScreen.storyboard in Resources */ = {isa = PBXBuildFile; fileRef = 8958D6BB293659FE002BC16A /* LaunchScreen.storyboard */; };
		8958D6C729365FEA002BC16A /* everton.mp3 in Resources */ = {isa = PBXBuildFile; fileRef = 8958D6C629365FEA002BC16A /* everton.mp3 */; };
		8958D6CB29366019002BC16A /* Teams.swift in Sources */ = {isa = PBXBuildFile; fileRef = 8958D6CA29366019002BC16A /* Teams.swift */; };
		8958D6CE29366411002BC16A /* ChantsViewController.swift in Sources */ = {isa = PBXBuildFile; fileRef = 8958D6CD29366411002BC16A /* ChantsViewController.swift */; };
		8958D6D129366C92002BC16A /* Team.swift in Sources */ = {isa = PBXBuildFile; fileRef = 8958D6D029366C92002BC16A /* Team.swift */; };
		8958D6D329366CE7002BC16A /* Manager.swift in Sources */ = {isa = PBXBuildFile; fileRef = 8958D6D229366CE7002BC16A /* Manager.swift */; };
		8958D6D629366DC4002BC16A /* TeamsViewModel.swift in Sources */ = {isa = PBXBuildFile; fileRef = 8958D6D529366DC4002BC16A /* TeamsViewModel.swift */; };
		89EDE9322937410200BF70ED /* TeamTableViewCell.swift in Sources */ = {isa = PBXBuildFile; fileRef = 89EDE9312937410200BF70ED /* TeamTableViewCell.swift */; };
/* End PBXBuildFile section */

/* Begin PBXFileReference section */
		8958D6AD293659FA002BC16A /* GameChant.app */ = {isa = PBXFileReference; explicitFileType = wrapper.application; includeInIndex = 0; path = GameChant.app; sourceTree = BUILT_PRODUCTS_DIR; };
		8958D6B0293659FA002BC16A /* AppDelegate.swift */ = {isa = PBXFileReference; lastKnownFileType = sourcecode.swift; path = AppDelegate.swift; sourceTree = "<group>"; };
		8958D6B2293659FA002BC16A /* SceneDelegate.swift */ = {isa = PBXFileReference; lastKnownFileType = sourcecode.swift; path = SceneDelegate.swift; sourceTree = "<group>"; };
		8958D6B7293659FA002BC16A /* Base */ = {isa = PBXFileReference; lastKnownFileType = file.storyboard; name = Base; path = Base.lproj/Main.storyboard; sourceTree = "<group>"; };
		8958D6B9293659FE002BC16A /* Assets.xcassets */ = {isa = PBXFileReference; lastKnownFileType = folder.assetcatalog; path = Assets.xcassets; sourceTree = "<group>"; };
		8958D6BC293659FE002BC16A /* Base */ = {isa = PBXFileReference; lastKnownFileType = file.storyboard; name = Base; path = Base.lproj/LaunchScreen.storyboard; sourceTree = "<group>"; };
		8958D6BE293659FE002BC16A /* Info.plist */ = {isa = PBXFileReference; lastKnownFileType = text.plist.xml; path = Info.plist; sourceTree = "<group>"; };
		8958D6C629365FEA002BC16A /* everton.mp3 */ = {isa = PBXFileReference; lastKnownFileType = audio.mp3; path = everton.mp3; sourceTree = "<group>"; };
		8958D6CA29366019002BC16A /* Teams.swift */ = {isa = PBXFileReference; lastKnownFileType = sourcecode.swift; path = Teams.swift; sourceTree = "<group>"; };
		8958D6CD29366411002BC16A /* ChantsViewController.swift */ = {isa = PBXFileReference; lastKnownFileType = sourcecode.swift; path = ChantsViewController.swift; sourceTree = "<group>"; };
		8958D6D029366C92002BC16A /* Team.swift */ = {isa = PBXFileReference; lastKnownFileType = sourcecode.swift; path = Team.swift; sourceTree = "<group>"; };
		8958D6D229366CE7002BC16A /* Manager.swift */ = {isa = PBXFileReference; lastKnownFileType = sourcecode.swift; path = Manager.swift; sourceTree = "<group>"; };
		8958D6D529366DC4002BC16A /* TeamsViewModel.swift */ = {isa = PBXFileReference; lastKnownFileType = sourcecode.swift; path = TeamsViewModel.swift; sourceTree = "<group>"; };
		89EDE9312937410200BF70ED /* TeamTableViewCell.swift */ = {isa = PBXFileReference; lastKnownFileType = sourcecode.swift; path = TeamTableViewCell.swift; sourceTree = "<group>"; };
/* End PBXFileReference section */

/* Begin PBXFrameworksBuildPhase section */
		8958D6AA293659FA002BC16A /* Frameworks */ = {
			isa = PBXFrameworksBuildPhase;
			buildActionMask = 2147483647;
			files = (
			);
			runOnlyForDeploymentPostprocessing = 0;
		};
/* End PBXFrameworksBuildPhase section */

/* Begin PBXGroup section */
		8958D6A4293659FA002BC16A = {
			isa = PBXGroup;
			children = (
				8958D6AF293659FA002BC16A /* GameChant */,
				8958D6AE293659FA002BC16A /* Products */,
			);
			sourceTree = "<group>";
		};
		8958D6AE293659FA002BC16A /* Products */ = {
			isa = PBXGroup;
			children = (
				8958D6AD293659FA002BC16A /* GameChant.app */,
			);
			name = Products;
			sourceTree = "<group>";
		};
		8958D6AF293659FA002BC16A /* GameChant */ = {
			isa = PBXGroup;
			children = (
				89EDE930293740CD00BF70ED /* Views */,
				8958D6D429366DB5002BC16A /* ViewModel */,
				8958D6CF29366C5D002BC16A /* Model */,
				8958D6CC293663E6002BC16A /* ViewControllers */,
				8958D6C829365FF8002BC16A /* Resources */,
				8958D6B0293659FA002BC16A /* AppDelegate.swift */,
				8958D6B2293659FA002BC16A /* SceneDelegate.swift */,
				8958D6B6293659FA002BC16A /* Main.storyboard */,
				8958D6B9293659FE002BC16A /* Assets.xcassets */,
				8958D6BB293659FE002BC16A /* LaunchScreen.storyboard */,
				8958D6BE293659FE002BC16A /* Info.plist */,
			);
			path = GameChant;
			sourceTree = "<group>";
		};
		8958D6C829365FF8002BC16A /* Resources */ = {
			isa = PBXGroup;
			children = (
				8958D6C929366000002BC16A /* Chants */,
				8958D6CA29366019002BC16A /* Teams.swift */,
			);
			path = Resources;
			sourceTree = "<group>";
		};
		8958D6C929366000002BC16A /* Chants */ = {
			isa = PBXGroup;
			children = (
				8958D6C629365FEA002BC16A /* everton.mp3 */,
			);
			path = Chants;
			sourceTree = "<group>";
		};
		8958D6CC293663E6002BC16A /* ViewControllers */ = {
			isa = PBXGroup;
			children = (
				8958D6CD29366411002BC16A /* ChantsViewController.swift */,
			);
			path = ViewControllers;
			sourceTree = "<group>";
		};
		8958D6CF29366C5D002BC16A /* Model */ = {
			isa = PBXGroup;
			children = (
				8958D6D029366C92002BC16A /* Team.swift */,
				8958D6D229366CE7002BC16A /* Manager.swift */,
			);
			path = Model;
			sourceTree = "<group>";
		};
		8958D6D429366DB5002BC16A /* ViewModel */ = {
			isa = PBXGroup;
			children = (
				8958D6D529366DC4002BC16A /* TeamsViewModel.swift */,
			);
			path = ViewModel;
			sourceTree = "<group>";
		};
		89EDE930293740CD00BF70ED /* Views */ = {
			isa = PBXGroup;
			children = (
				89EDE9312937410200BF70ED /* TeamTableViewCell.swift */,
			);
			path = Views;
			sourceTree = "<group>";
		};
/* End PBXGroup section */

/* Begin PBXNativeTarget section */
		8958D6AC293659FA002BC16A /* GameChant */ = {
			isa = PBXNativeTarget;
			buildConfigurationList = 8958D6C1293659FE002BC16A /* Build configuration list for PBXNativeTarget "GameChant" */;
			buildPhases = (
				8958D6A9293659FA002BC16A /* Sources */,
				8958D6AA293659FA002BC16A /* Frameworks */,
				8958D6AB293659FA002BC16A /* Resources */,
			);
			buildRules = (
			);
			dependencies = (
			);
			name = GameChant;
			productName = GameChant;
			productReference = 8958D6AD293659FA002BC16A /* GameChant.app */;
			productType = "com.apple.product-type.application";
		};
/* End PBXNativeTarget section */

/* Begin PBXProject section */
		8958D6A5293659FA002BC16A /* Project object */ = {
			isa = PBXProject;
			attributes = {
				BuildIndependentTargetsInParallel = 1;
				LastSwiftUpdateCheck = 1320;
				LastUpgradeCheck = 1320;
				TargetAttributes = {
					8958D6AC293659FA002BC16A = {
						CreatedOnToolsVersion = 13.2.1;
					};
				};
			};
			buildConfigurationList = 8958D6A8293659FA002BC16A /* Build configuration list for PBXProject "GameChant" */;
			compatibilityVersion = "Xcode 13.0";
			developmentRegion = en;
			hasScannedForEncodings = 0;
			knownRegions = (
				en,
				Base,
			);
			mainGroup = 8958D6A4293659FA002BC16A;
			productRefGroup = 8958D6AE293659FA002BC16A /* Products */;
			projectDirPath = "";
			projectRoot = "";
			targets = (
				8958D6AC293659FA002BC16A /* GameChant */,
			);
		};
/* End PBXProject section */

/* Begin PBXResourcesBuildPhase section */
		8958D6AB293659FA002BC16A /* Resources */ = {
			isa = PBXResourcesBuildPhase;
			buildActionMask = 2147483647;
			files = (
				8958D6BD293659FE002BC16A /* LaunchScreen.storyboard in Resources */,
				8958D6C729365FEA002BC16A /* everton.mp3 in Resources */,
				8958D6BA293659FE002BC16A /* Assets.xcassets in Resources */,
				8958D6B8293659FA002BC16A /* Main.storyboard in Resources */,
			);
			runOnlyForDeploymentPostprocessing = 0;
		};
/* End PBXResourcesBuildPhase section */

/* Begin PBXSourcesBuildPhase section */
		8958D6A9293659FA002BC16A /* Sources */ = {
			isa = PBXSourcesBuildPhase;
			buildActionMask = 2147483647;
			files = (
				8958D6CE29366411002BC16A /* ChantsViewController.swift in Sources */,
				8958D6D629366DC4002BC16A /* TeamsViewModel.swift in Sources */,
				8958D6D329366CE7002BC16A /* Manager.swift in Sources */,
				8958D6CB29366019002BC16A /* Teams.swift in Sources */,
				89EDE9322937410200BF70ED /* TeamTableViewCell.swift in Sources */,
				8958D6B1293659FA002BC16A /* AppDelegate.swift in Sources */,
				8958D6D129366C92002BC16A /* Team.swift in Sources */,
				8958D6B3293659FA002BC16A /* SceneDelegate.swift in Sources */,
			);
			runOnlyForDeploymentPostprocessing = 0;
		};
/* End PBXSourcesBuildPhase section */

/* Begin PBXVariantGroup section */
		8958D6B6293659FA002BC16A /* Main.storyboard */ = {
			isa = PBXVariantGroup;
			children = (
				8958D6B7293659FA002BC16A /* Base */,
			);
			name = Main.storyboard;
			sourceTree = "<group>";
		};
		8958D6BB293659FE002BC16A /* LaunchScreen.storyboard */ = {
			isa = PBXVariantGroup;
			children = (
				8958D6BC293659FE002BC16A /* Base */,
			);
			name = LaunchScreen.storyboard;
			sourceTree = "<group>";
		};
/* End PBXVariantGroup section */

/* Begin XCBuildConfiguration section */
		8958D6BF293659FE002BC16A /* Debug */ = {
			isa = XCBuildConfiguration;
			buildSettings = {
				ALWAYS_SEARCH_USER_PATHS = NO;
				CLANG_ANALYZER_NONNULL = YES;
				CLANG_ANALYZER_NUMBER_OBJECT_CONVERSION = YES_AGGRESSIVE;
				CLANG_CXX_LANGUAGE_STANDARD = "gnu++17";
				CLANG_CXX_LIBRARY = "libc++";
				CLANG_ENABLE_MODULES = YES;
				CLANG_ENABLE_OBJC_ARC = YES;
				CLANG_ENABLE_OBJC_WEAK = YES;
				CLANG_WARN_BLOCK_CAPTURE_AUTORELEASING = YES;
				CLANG_WARN_BOOL_CONVERSION = YES;
				CLANG_WARN_COMMA = YES;
				CLANG_WARN_CONSTANT_CONVERSION = YES;
				CLANG_WARN_DEPRECATED_OBJC_IMPLEMENTATIONS = YES;
				CLANG_WARN_DIRECT_OBJC_ISA_USAGE = YES_ERROR;
				CLANG_WARN_DOCUMENTATION_COMMENTS = YES;
				CLANG_WARN_EMPTY_BODY = YES;
				CLANG_WARN_ENUM_CONVERSION = YES;
				CLANG_WARN_INFINITE_RECURSION = YES;
				CLANG_WARN_INT_CONVERSION = YES;
				CLANG_WARN_NON_LITERAL_NULL_CONVERSION = YES;
				CLANG_WARN_OBJC_IMPLICIT_RETAIN_SELF = YES;
				CLANG_WARN_OBJC_LITERAL_CONVERSION = YES;
				CLANG_WARN_OBJC_ROOT_CLASS = YES_ERROR;
				CLANG_WARN_QUOTED_INCLUDE_IN_FRAMEWORK_HEADER = YES;
				CLANG_WARN_RANGE_LOOP_ANALYSIS = YES;
				CLANG_WARN_STRICT_PROTOTYPES = YES;
				CLANG_WARN_SUSPICIOUS_MOVE = YES;
				CLANG_WARN_UNGUARDED_AVAILABILITY = YES_AGGRESSIVE;
				CLANG_WARN_UNREACHABLE_CODE = YES;
				CLANG_WARN__DUPLICATE_METHOD_MATCH = YES;
				COPY_PHASE_STRIP = NO;
				DEBUG_INFORMATION_FORMAT = dwarf;
				ENABLE_STRICT_OBJC_MSGSEND = YES;
				ENABLE_TESTABILITY = YES;
				GCC_C_LANGUAGE_STANDARD = gnu11;
				GCC_DYNAMIC_NO_PIC = NO;
				GCC_NO_COMMON_BLOCKS = YES;
				GCC_OPTIMIZATION_LEVEL = 0;
				GCC_PREPROCESSOR_DEFINITIONS = (
					"DEBUG=1",
					"$(inherited)",
				);
				GCC_WARN_64_TO_32_BIT_CONVERSION = YES;
				GCC_WARN_ABOUT_RETURN_TYPE = YES_ERROR;
				GCC_WARN_UNDECLARED_SELECTOR = YES;
				GCC_WARN_UNINITIALIZED_AUTOS = YES_AGGRESSIVE;
				GCC_WARN_UNUSED_FUNCTION = YES;
				GCC_WARN_UNUSED_VARIABLE = YES;
				IPHONEOS_DEPLOYMENT_TARGET = 15.2;
				MTL_ENABLE_DEBUG_INFO = INCLUDE_SOURCE;
				MTL_FAST_MATH = YES;
				ONLY_ACTIVE_ARCH = YES;
				SDKROOT = iphoneos;
				SWIFT_ACTIVE_COMPILATION_CONDITIONS = DEBUG;
				SWIFT_OPTIMIZATION_LEVEL = "-Onone";
			};
			name = Debug;
		};
		8958D6C0293659FE002BC16A /* Release */ = {
			isa = XCBuildConfiguration;
			buildSettings = {
				ALWAYS_SEARCH_USER_PATHS = NO;
				CLANG_ANALYZER_NONNULL = YES;
				CLANG_ANALYZER_NUMBER_OBJECT_CONVERSION = YES_AGGRESSIVE;
				CLANG_CXX_LANGUAGE_STANDARD = "gnu++17";
				CLANG_CXX_LIBRARY = "libc++";
				CLANG_ENABLE_MODULES = YES;
				CLANG_ENABLE_OBJC_ARC = YES;
				CLANG_ENABLE_OBJC_WEAK = YES;
				CLANG_WARN_BLOCK_CAPTURE_AUTORELEASING = YES;
				CLANG_WARN_BOOL_CONVERSION = YES;
				CLANG_WARN_COMMA = YES;
				CLANG_WARN_CONSTANT_CONVERSION = YES;
				CLANG_WARN_DEPRECATED_OBJC_IMPLEMENTATIONS = YES;
				CLANG_WARN_DIRECT_OBJC_ISA_USAGE = YES_ERROR;
				CLANG_WARN_DOCUMENTATION_COMMENTS = YES;
				CLANG_WARN_EMPTY_BODY = YES;
				CLANG_WARN_ENUM_CONVERSION = YES;
				CLANG_WARN_INFINITE_RECURSION = YES;
				CLANG_WARN_INT_CONVERSION = YES;
				CLANG_WARN_NON_LITERAL_NULL_CONVERSION = YES;
				CLANG_WARN_OBJC_IMPLICIT_RETAIN_SELF = YES;
				CLANG_WARN_OBJC_LITERAL_CONVERSION = YES;
				CLANG_WARN_OBJC_ROOT_CLASS = YES_ERROR;
				CLANG_WARN_QUOTED_INCLUDE_IN_FRAMEWORK_HEADER = YES;
				CLANG_WARN_RANGE_LOOP_ANALYSIS = YES;
				CLANG_WARN_STRICT_PROTOTYPES = YES;
				CLANG_WARN_SUSPICIOUS_MOVE = YES;
				CLANG_WARN_UNGUARDED_AVAILABILITY = YES_AGGRESSIVE;
				CLANG_WARN_UNREACHABLE_CODE = YES;
				CLANG_WARN__DUPLICATE_METHOD_MATCH = YES;
				COPY_PHASE_STRIP = NO;
				DEBUG_INFORMATION_FORMAT = "dwarf-with-dsym";
				ENABLE_NS_ASSERTIONS = NO;
				ENABLE_STRICT_OBJC_MSGSEND = YES;
				GCC_C_LANGUAGE_STANDARD = gnu11;
				GCC_NO_COMMON_BLOCKS = YES;
				GCC_WARN_64_TO_32_BIT_CONVERSION = YES;
				GCC_WARN_ABOUT_RETURN_TYPE = YES_ERROR;
				GCC_WARN_UNDECLARED_SELECTOR = YES;
				GCC_WARN_UNINITIALIZED_AUTOS = YES_AGGRESSIVE;
				GCC_WARN_UNUSED_FUNCTION = YES;
				GCC_WARN_UNUSED_VARIABLE = YES;
				IPHONEOS_DEPLOYMENT_TARGET = 15.2;
				MTL_ENABLE_DEBUG_INFO = NO;
				MTL_FAST_MATH = YES;
				SDKROOT = iphoneos;
				SWIFT_COMPILATION_MODE = wholemodule;
				SWIFT_OPTIMIZATION_LEVEL = "-O";
				VALIDATE_PRODUCT = YES;
			};
			name = Release;
		};
		8958D6C2293659FE002BC16A /* Debug */ = {
			isa = XCBuildConfiguration;
			buildSettings = {
				ASSETCATALOG_COMPILER_APPICON_NAME = AppIcon;
				ASSETCATALOG_COMPILER_GLOBAL_ACCENT_COLOR_NAME = AccentColor;
				CODE_SIGN_STYLE = Automatic;
				CURRENT_PROJECT_VERSION = 1;
				GENERATE_INFOPLIST_FILE = YES;
				INFOPLIST_FILE = GameChant/Info.plist;
				INFOPLIST_KEY_UIApplicationSupportsIndirectInputEvents = YES;
				INFOPLIST_KEY_UILaunchStoryboardName = LaunchScreen;
				INFOPLIST_KEY_UISupportedInterfaceOrientations = UIInterfaceOrientationPortrait;
				INFOPLIST_KEY_UISupportedInterfaceOrientations_iPad = "UIInterfaceOrientationPortrait UIInterfaceOrientationPortraitUpsideDown UIInterfaceOrientationLandscapeLeft UIInterfaceOrientationLandscapeRight";
				INFOPLIST_KEY_UISupportedInterfaceOrientations_iPhone = "UIInterfaceOrientationPortrait UIInterfaceOrientationLandscapeLeft UIInterfaceOrientationLandscapeRight";
				LD_RUNPATH_SEARCH_PATHS = (
					"$(inherited)",
					"@executable_path/Frameworks",
				);
				MARKETING_VERSION = 1.0;
				PRODUCT_BUNDLE_IDENTIFIER = mbayi.GameChant;
				PRODUCT_NAME = "$(TARGET_NAME)";
				SWIFT_EMIT_LOC_STRINGS = YES;
				SWIFT_VERSION = 5.0;
				TARGETED_DEVICE_FAMILY = 1;
			};
			name = Debug;
		};
		8958D6C3293659FE002BC16A /* Release */ = {
			isa = XCBuildConfiguration;
			buildSettings = {
				ASSETCATALOG_COMPILER_APPICON_NAME = AppIcon;
				ASSETCATALOG_COMPILER_GLOBAL_ACCENT_COLOR_NAME = AccentColor;
				CODE_SIGN_STYLE = Automatic;
				CURRENT_PROJECT_VERSION = 1;
				GENERATE_INFOPLIST_FILE = YES;
				INFOPLIST_FILE = GameChant/Info.plist;
				INFOPLIST_KEY_UIApplicationSupportsIndirectInputEvents = YES;
				INFOPLIST_KEY_UILaunchStoryboardName = LaunchScreen;
				INFOPLIST_KEY_UISupportedInterfaceOrientations = UIInterfaceOrientationPortrait;
				INFOPLIST_KEY_UISupportedInterfaceOrientations_iPad = "UIInterfaceOrientationPortrait UIInterfaceOrientationPortraitUpsideDown UIInterfaceOrientationLandscapeLeft UIInterfaceOrientationLandscapeRight";
				INFOPLIST_KEY_UISupportedInterfaceOrientations_iPhone = "UIInterfaceOrientationPortrait UIInterfaceOrientationLandscapeLeft UIInterfaceOrientationLandscapeRight";
				LD_RUNPATH_SEARCH_PATHS = (
					"$(inherited)",
					"@executable_path/Frameworks",
				);
				MARKETING_VERSION = 1.0;
				PRODUCT_BUNDLE_IDENTIFIER = mbayi.GameChant;
				PRODUCT_NAME = "$(TARGET_NAME)";
				SWIFT_EMIT_LOC_STRINGS = YES;
				SWIFT_VERSION = 5.0;
				TARGETED_DEVICE_FAMILY = 1;
			};
			name = Release;
		};
/* End XCBuildConfiguration section */

/* Begin XCConfigurationList section */
		8958D6A8293659FA002BC16A /* Build configuration list for PBXProject "GameChant" */ = {
			isa = XCConfigurationList;
			buildConfigurations = (
				8958D6BF293659FE002BC16A /* Debug */,
				8958D6C0293659FE002BC16A /* Release */,
			);
			defaultConfigurationIsVisible = 0;
			defaultConfigurationName = Release;
		};
		8958D6C1293659FE002BC16A /* Build configuration list for PBXNativeTarget "GameChant" */ = {
			isa = XCConfigurationList;
			buildConfigurations = (
				8958D6C2293659FE002BC16A /* Debug */,
				8958D6C3293659FE002BC16A /* Release */,
			);
			defaultConfigurationIsVisible = 0;
			defaultConfigurationName = Release;
		};
/* End XCConfigurationList section */
	};
	rootObject = 8958D6A5293659FA002BC16A /* Project object */;
}
